
Microsoft Visual Studio Solution File, Format Version 12.00
# Visual Studio Version 16
VisualStudioVersion = 25.0.1703.6
MinimumVisualStudioVersion = 10.0.40219.1
Project("{FAE04EC0-301F-11D3-BF4B-00C04F79EFBC}") = "CodingEventsDemo", "CodingEventsDemo.csproj", "{77B72F25-E613-4ECE-8E25-F9A8AFB689D7}"
EndProject
Global
	GlobalSection(SolutionConfigurationPlatforms) = preSolution
		Debug|Any CPU = Debug|Any CPU
		Release|Any CPU = Release|Any CPU
	EndGlobalSection
	GlobalSection(ProjectConfigurationPlatforms) = postSolution
		{77B72F25-E613-4ECE-8E25-F9A8AFB689D7}.Debug|Any CPU.ActiveCfg = Debug|Any CPU
		{77B72F25-E613-4ECE-8E25-F9A8AFB689D7}.Debug|Any CPU.Build.0 = Debug|Any CPU
		{77B72F25-E613-4ECE-8E25-F9A8AFB689D7}.Release|Any CPU.ActiveCfg = Release|Any CPU
		{77B72F25-E613-4ECE-8E25-F9A8AFB689D7}.Release|Any CPU.Build.0 = Release|Any CPU
	EndGlobalSection
	GlobalSection(SolutionProperties) = preSolution
		HideSolutionNode = FALSE
	EndGlobalSection
	GlobalSection(ExtensibilityGlobals) = postSolution
		SolutionGuid = {D5A0976E-10AB-4FEE-AEA2-6D9C1A1CEA5C}
	EndGlobalSection
EndGlobal
